
Microsoft Visual Studio Solution File, Format Version 12.00
# Visual Studio 14
VisualStudioVersion = 14.0.25420.1
MinimumVisualStudioVersion = 10.0.40219.1
Project("{FAE04EC0-301F-11D3-BF4B-00C04F79EFBC}") = "Portafolio", "Portafolio\Portafolio.csproj", "{17F4E58D-6CC1-4C4B-AFAC-BFD69C330DB7}"
EndProject
Project("{FAE04EC0-301F-11D3-BF4B-00C04F79EFBC}") = "01 Models", "..\01 Models\01 Models.csproj", "{08DEB745-3A8B-4C8F-9643-5B10C2036D24}"
EndProject
Project("{FAE04EC0-301F-11D3-BF4B-00C04F79EFBC}") = "02 Utilidades", "02 Utilidades\02 Utilidades.csproj", "{A74EB942-F234-4CE6-9B1C-E6945CF3AE1A}"
EndProject
Global
	GlobalSection(SolutionConfigurationPlatforms) = preSolution
		Debug|Any CPU = Debug|Any CPU
		Release|Any CPU = Release|Any CPU
	EndGlobalSection
	GlobalSection(ProjectConfigurationPlatforms) = postSolution
		{17F4E58D-6CC1-4C4B-AFAC-BFD69C330DB7}.Debug|Any CPU.ActiveCfg = Debug|Any CPU
		{17F4E58D-6CC1-4C4B-AFAC-BFD69C330DB7}.Debug|Any CPU.Build.0 = Debug|Any CPU
		{17F4E58D-6CC1-4C4B-AFAC-BFD69C330DB7}.Release|Any CPU.ActiveCfg = Release|Any CPU
		{17F4E58D-6CC1-4C4B-AFAC-BFD69C330DB7}.Release|Any CPU.Build.0 = Release|Any CPU
		{08DEB745-3A8B-4C8F-9643-5B10C2036D24}.Debug|Any CPU.ActiveCfg = Debug|Any CPU
		{08DEB745-3A8B-4C8F-9643-5B10C2036D24}.Debug|Any CPU.Build.0 = Debug|Any CPU
		{08DEB745-3A8B-4C8F-9643-5B10C2036D24}.Release|Any CPU.ActiveCfg = Release|Any CPU
		{08DEB745-3A8B-4C8F-9643-5B10C2036D24}.Release|Any CPU.Build.0 = Release|Any CPU
		{A74EB942-F234-4CE6-9B1C-E6945CF3AE1A}.Debug|Any CPU.ActiveCfg = Debug|Any CPU
		{A74EB942-F234-4CE6-9B1C-E6945CF3AE1A}.Debug|Any CPU.Build.0 = Debug|Any CPU
		{A74EB942-F234-4CE6-9B1C-E6945CF3AE1A}.Release|Any CPU.ActiveCfg = Release|Any CPU
		{A74EB942-F234-4CE6-9B1C-E6945CF3AE1A}.Release|Any CPU.Build.0 = Release|Any CPU
	EndGlobalSection
	GlobalSection(SolutionProperties) = preSolution
		HideSolutionNode = FALSE
	EndGlobalSection
EndGlobal
